
Microsoft Visual Studio Solution File, Format Version 12.00
Project("{FAE04EC0-301F-11D3-BF4B-00C04F79EFBC}") = "NWayland", "src\NWayland\NWayland.csproj", "{4B817FC0-BD74-4BC4-99CE-6B4D4D393B39}"
EndProject
Project("{FAE04EC0-301F-11D3-BF4B-00C04F79EFBC}") = "NWayland.Protocols.Plasma", "src\NWayland.Protocols.Plasma\NWayland.Protocols.Plasma.csproj", "{9E2CC7A0-ED8F-4774-B752-B7F3AB6A5DA6}"
EndProject
Project("{FAE04EC0-301F-11D3-BF4B-00C04F79EFBC}") = "NWayland.Protocols.Wlr", "src\NWayland.Protocols.Wlr\NWayland.Protocols.Wlr.csproj", "{937AF8A5-88A1-405B-9C1F-167B1AC860F3}"
EndProject
Project("{2150E333-8FDC-42A3-9474-1A3956D46DE8}") = "samples", "samples", "{798F793F-A6A5-45B8-BDB2-2479123F1EB0}"
EndProject
Project("{2150E333-8FDC-42A3-9474-1A3956D46DE8}") = "src", "src", "{13EF6FEA-8711-47FA-B42A-9078E0301303}"
EndProject
Project("{FAE04EC0-301F-11D3-BF4B-00C04F79EFBC}") = "HelloWayland", "samples\HelloWayland\HelloWayland.csproj", "{4336044A-763A-4821-9488-9AB6C7A6F425}"
EndProject
Project("{FAE04EC0-301F-11D3-BF4B-00C04F79EFBC}") = "StandaloneGeneratorRunner", "src\StandaloneGeneratorRunner\StandaloneGeneratorRunner.csproj", "{8E9A626C-E7CF-4214-A8D5-AF7DBF26AB25}"
EndProject
Project("{FAE04EC0-301F-11D3-BF4B-00C04F79EFBC}") = "NWayland.Generator", "src\NWayland.Generator\NWayland.Generator.csproj", "{C497C7F5-2F9E-42A8-AC19-676646E39CD8}"
EndProject
Project("{FAE04EC0-301F-11D3-BF4B-00C04F79EFBC}") = "NWayland.Server", "src\NWayland.Server\NWayland.Server.csproj", "{AC4B2232-C0FE-4F25-AB47-E2DAE438BA11}"
EndProject
Project("{2150E333-8FDC-42A3-9474-1A3956D46DE8}") = "tests", "tests", "{0AB3BF05-4346-4AA6-1389-037BE0695223}"
EndProject
Project("{FAE04EC0-301F-11D3-BF4B-00C04F79EFBC}") = "NWayland.Tests", "tests\NWayland.Tests\NWayland.Tests.csproj", "{4F6A28D5-1FFB-423B-80E2-F43295863C32}"
EndProject
Project("{FAE04EC0-301F-11D3-BF4B-00C04F79EFBC}") = "SubcompositorHost", "samples\SubcompositorHost\SubcompositorHost.csproj", "{B4C6E5CD-06CD-4787-976B-9F0BE07070BF}"
EndProject
Global
	GlobalSection(SolutionConfigurationPlatforms) = preSolution
		Debug|Any CPU = Debug|Any CPU
		Debug|x64 = Debug|x64
		Debug|x86 = Debug|x86
		Release|Any CPU = Release|Any CPU
		Release|x64 = Release|x64
		Release|x86 = Release|x86
	EndGlobalSection
	GlobalSection(ProjectConfigurationPlatforms) = postSolution
		{4B817FC0-BD74-4BC4-99CE-6B4D4D393B39}.Debug|Any CPU.ActiveCfg = Debug|Any CPU
		{4B817FC0-BD74-4BC4-99CE-6B4D4D393B39}.Debug|Any CPU.Build.0 = Debug|Any CPU
		{4B817FC0-BD74-4BC4-99CE-6B4D4D393B39}.Debug|x64.ActiveCfg = Debug|Any CPU
		{4B817FC0-BD74-4BC4-99CE-6B4D4D393B39}.Debug|x64.Build.0 = Debug|Any CPU
		{4B817FC0-BD74-4BC4-99CE-6B4D4D393B39}.Debug|x86.ActiveCfg = Debug|Any CPU
		{4B817FC0-BD74-4BC4-99CE-6B4D4D393B39}.Debug|x86.Build.0 = Debug|Any CPU
		{4B817FC0-BD74-4BC4-99CE-6B4D4D393B39}.Release|Any CPU.ActiveCfg = Release|Any CPU
		{4B817FC0-BD74-4BC4-99CE-6B4D4D393B39}.Release|Any CPU.Build.0 = Release|Any CPU
		{4B817FC0-BD74-4BC4-99CE-6B4D4D393B39}.Release|x64.ActiveCfg = Release|Any CPU
		{4B817FC0-BD74-4BC4-99CE-6B4D4D393B39}.Release|x64.Build.0 = Release|Any CPU
		{4B817FC0-BD74-4BC4-99CE-6B4D4D393B39}.Release|x86.ActiveCfg = Release|Any CPU
		{4B817FC0-BD74-4BC4-99CE-6B4D4D393B39}.Release|x86.Build.0 = Release|Any CPU
		{9E2CC7A0-ED8F-4774-B752-B7F3AB6A5DA6}.Debug|Any CPU.ActiveCfg = Debug|Any CPU
		{9E2CC7A0-ED8F-4774-B752-B7F3AB6A5DA6}.Debug|Any CPU.Build.0 = Debug|Any CPU
		{9E2CC7A0-ED8F-4774-B752-B7F3AB6A5DA6}.Debug|x64.ActiveCfg = Debug|Any CPU
		{9E2CC7A0-ED8F-4774-B752-B7F3AB6A5DA6}.Debug|x64.Build.0 = Debug|Any CPU
		{9E2CC7A0-ED8F-4774-B752-B7F3AB6A5DA6}.Debug|x86.ActiveCfg = Debug|Any CPU
		{9E2CC7A0-ED8F-4774-B752-B7F3AB6A5DA6}.Debug|x86.Build.0 = Debug|Any CPU
		{9E2CC7A0-ED8F-4774-B752-B7F3AB6A5DA6}.Release|Any CPU.ActiveCfg = Release|Any CPU
		{9E2CC7A0-ED8F-4774-B752-B7F3AB6A5DA6}.Release|Any CPU.Build.0 = Release|Any CPU
		{9E2CC7A0-ED8F-4774-B752-B7F3AB6A5DA6}.Release|x64.ActiveCfg = Release|Any CPU
		{9E2CC7A0-ED8F-4774-B752-B7F3AB6A5DA6}.Release|x64.Build.0 = Release|Any CPU
		{9E2CC7A0-ED8F-4774-B752-B7F3AB6A5DA6}.Release|x86.ActiveCfg = Release|Any CPU
		{9E2CC7A0-ED8F-4774-B752-B7F3AB6A5DA6}.Release|x86.Build.0 = Release|Any CPU
		{937AF8A5-88A1-405B-9C1F-167B1AC860F3}.Debug|Any CPU.ActiveCfg = Debug|Any CPU
		{937AF8A5-88A1-405B-9C1F-167B1AC860F3}.Debug|Any CPU.Build.0 = Debug|Any CPU
		{937AF8A5-88A1-405B-9C1F-167B1AC860F3}.Debug|x64.ActiveCfg = Debug|Any CPU
		{937AF8A5-88A1-405B-9C1F-167B1AC860F3}.Debug|x64.Build.0 = Debug|Any CPU
		{937AF8A5-88A1-405B-9C1F-167B1AC860F3}.Debug|x86.ActiveCfg = Debug|Any CPU
		{937AF8A5-88A1-405B-9C1F-167B1AC860F3}.Debug|x86.Build.0 = Debug|Any CPU
		{937AF8A5-88A1-405B-9C1F-167B1AC860F3}.Release|Any CPU.ActiveCfg = Release|Any CPU
		{937AF8A5-88A1-405B-9C1F-167B1AC860F3}.Release|Any CPU.Build.0 = Release|Any CPU
		{937AF8A5-88A1-405B-9C1F-167B1AC860F3}.Release|x64.ActiveCfg = Release|Any CPU
		{937AF8A5-88A1-405B-9C1F-167B1AC860F3}.Release|x64.Build.0 = Release|Any CPU
		{937AF8A5-88A1-405B-9C1F-167B1AC860F3}.Release|x86.ActiveCfg = Release|Any CPU
		{937AF8A5-88A1-405B-9C1F-167B1AC860F3}.Release|x86.Build.0 = Release|Any CPU
		{4336044A-763A-4821-9488-9AB6C7A6F425}.Debug|Any CPU.ActiveCfg = Debug|Any CPU
		{4336044A-763A-4821-9488-9AB6C7A6F425}.Debug|Any CPU.Build.0 = Debug|Any CPU
		{4336044A-763A-4821-9488-9AB6C7A6F425}.Debug|x64.ActiveCfg = Debug|Any CPU
		{4336044A-763A-4821-9488-9AB6C7A6F425}.Debug|x64.Build.0 = Debug|Any CPU
		{4336044A-763A-4821-9488-9AB6C7A6F425}.Debug|x86.ActiveCfg = Debug|Any CPU
		{4336044A-763A-4821-9488-9AB6C7A6F425}.Debug|x86.Build.0 = Debug|Any CPU
		{4336044A-763A-4821-9488-9AB6C7A6F425}.Release|Any CPU.ActiveCfg = Release|Any CPU
		{4336044A-763A-4821-9488-9AB6C7A6F425}.Release|Any CPU.Build.0 = Release|Any CPU
		{4336044A-763A-4821-9488-9AB6C7A6F425}.Release|x64.ActiveCfg = Release|Any CPU
		{4336044A-763A-4821-9488-9AB6C7A6F425}.Release|x64.Build.0 = Release|Any CPU
		{4336044A-763A-4821-9488-9AB6C7A6F425}.Release|x86.ActiveCfg = Release|Any CPU
		{4336044A-763A-4821-9488-9AB6C7A6F425}.Release|x86.Build.0 = Release|Any CPU
		{8E9A626C-E7CF-4214-A8D5-AF7DBF26AB25}.Debug|Any CPU.ActiveCfg = Debug|Any CPU
		{8E9A626C-E7CF-4214-A8D5-AF7DBF26AB25}.Debug|Any CPU.Build.0 = Debug|Any CPU
		{8E9A626C-E7CF-4214-A8D5-AF7DBF26AB25}.Debug|x64.ActiveCfg = Debug|Any CPU
		{8E9A626C-E7CF-4214-A8D5-AF7DBF26AB25}.Debug|x64.Build.0 = Debug|Any CPU
		{8E9A626C-E7CF-4214-A8D5-AF7DBF26AB25}.Debug|x86.ActiveCfg = Debug|Any CPU
		{8E9A626C-E7CF-4214-A8D5-AF7DBF26AB25}.Debug|x86.Build.0 = Debug|Any CPU
		{8E9A626C-E7CF-4214-A8D5-AF7DBF26AB25}.Release|Any CPU.ActiveCfg = Release|Any CPU
		{8E9A626C-E7CF-4214-A8D5-AF7DBF26AB25}.Release|Any CPU.Build.0 = Release|Any CPU
		{8E9A626C-E7CF-4214-A8D5-AF7DBF26AB25}.Release|x64.ActiveCfg = Release|Any CPU
		{8E9A626C-E7CF-4214-A8D5-AF7DBF26AB25}.Release|x64.Build.0 = Release|Any CPU
		{8E9A626C-E7CF-4214-A8D5-AF7DBF26AB25}.Release|x86.ActiveCfg = Release|Any CPU
		{8E9A626C-E7CF-4214-A8D5-AF7DBF26AB25}.Release|x86.Build.0 = Release|Any CPU
		{C497C7F5-2F9E-42A8-AC19-676646E39CD8}.Debug|Any CPU.ActiveCfg = Debug|Any CPU
		{C497C7F5-2F9E-42A8-AC19-676646E39CD8}.Debug|Any CPU.Build.0 = Debug|Any CPU
		{C497C7F5-2F9E-42A8-AC19-676646E39CD8}.Debug|x64.ActiveCfg = Debug|Any CPU
		{C497C7F5-2F9E-42A8-AC19-676646E39CD8}.Debug|x64.Build.0 = Debug|Any CPU
		{C497C7F5-2F9E-42A8-AC19-676646E39CD8}.Debug|x86.ActiveCfg = Debug|Any CPU
		{C497C7F5-2F9E-42A8-AC19-676646E39CD8}.Debug|x86.Build.0 = Debug|Any CPU
		{C497C7F5-2F9E-42A8-AC19-676646E39CD8}.Release|Any CPU.ActiveCfg = Release|Any CPU
		{C497C7F5-2F9E-42A8-AC19-676646E39CD8}.Release|Any CPU.Build.0 = Release|Any CPU
		{C497C7F5-2F9E-42A8-AC19-676646E39CD8}.Release|x64.ActiveCfg = Release|Any CPU
		{C497C7F5-2F9E-42A8-AC19-676646E39CD8}.Release|x64.Build.0 = Release|Any CPU
		{C497C7F5-2F9E-42A8-AC19-676646E39CD8}.Release|x86.ActiveCfg = Release|Any CPU
		{C497C7F5-2F9E-42A8-AC19-676646E39CD8}.Release|x86.Build.0 = Release|Any CPU
		{AC4B2232-C0FE-4F25-AB47-E2DAE438BA11}.Debug|Any CPU.ActiveCfg = Debug|Any CPU
		{AC4B2232-C0FE-4F25-AB47-E2DAE438BA11}.Debug|Any CPU.Build.0 = Debug|Any CPU
		{AC4B2232-C0FE-4F25-AB47-E2DAE438BA11}.Debug|x64.ActiveCfg = Debug|Any CPU
		{AC4B2232-C0FE-4F25-AB47-E2DAE438BA11}.Debug|x64.Build.0 = Debug|Any CPU
		{AC4B2232-C0FE-4F25-AB47-E2DAE438BA11}.Debug|x86.ActiveCfg = Debug|Any CPU
		{AC4B2232-C0FE-4F25-AB47-E2DAE438BA11}.Debug|x86.Build.0 = Debug|Any CPU
		{AC4B2232-C0FE-4F25-AB47-E2DAE438BA11}.Release|Any CPU.ActiveCfg = Release|Any CPU
		{AC4B2232-C0FE-4F25-AB47-E2DAE438BA11}.Release|Any CPU.Build.0 = Release|Any CPU
		{AC4B2232-C0FE-4F25-AB47-E2DAE438BA11}.Release|x64.ActiveCfg = Release|Any CPU
		{AC4B2232-C0FE-4F25-AB47-E2DAE438BA11}.Release|x64.Build.0 = Release|Any CPU
		{AC4B2232-C0FE-4F25-AB47-E2DAE438BA11}.Release|x86.ActiveCfg = Release|Any CPU
		{AC4B2232-C0FE-4F25-AB47-E2DAE438BA11}.Release|x86.Build.0 = Release|Any CPU
		{4F6A28D5-1FFB-423B-80E2-F43295863C32}.Debug|Any CPU.ActiveCfg = Debug|Any CPU
		{4F6A28D5-1FFB-423B-80E2-F43295863C32}.Debug|Any CPU.Build.0 = Debug|Any CPU
		{4F6A28D5-1FFB-423B-80E2-F43295863C32}.Debug|x64.ActiveCfg = Debug|Any CPU
		{4F6A28D5-1FFB-423B-80E2-F43295863C32}.Debug|x64.Build.0 = Debug|Any CPU
		{4F6A28D5-1FFB-423B-80E2-F43295863C32}.Debug|x86.ActiveCfg = Debug|Any CPU
		{4F6A28D5-1FFB-423B-80E2-F43295863C32}.Debug|x86.Build.0 = Debug|Any CPU
		{4F6A28D5-1FFB-423B-80E2-F43295863C32}.Release|Any CPU.ActiveCfg = Release|Any CPU
		{4F6A28D5-1FFB-423B-80E2-F43295863C32}.Release|Any CPU.Build.0 = Release|Any CPU
		{4F6A28D5-1FFB-423B-80E2-F43295863C32}.Release|x64.ActiveCfg = Release|Any CPU
		{4F6A28D5-1FFB-423B-80E2-F43295863C32}.Release|x64.Build.0 = Release|Any CPU
		{4F6A28D5-1FFB-423B-80E2-F43295863C32}.Release|x86.ActiveCfg = Release|Any CPU
		{4F6A28D5-1FFB-423B-80E2-F43295863C32}.Release|x86.Build.0 = Release|Any CPU
		{B4C6E5CD-06CD-4787-976B-9F0BE07070BF}.Debug|Any CPU.ActiveCfg = Debug|Any CPU
		{B4C6E5CD-06CD-4787-976B-9F0BE07070BF}.Debug|Any CPU.Build.0 = Debug|Any CPU
		{B4C6E5CD-06CD-4787-976B-9F0BE07070BF}.Debug|x64.ActiveCfg = Debug|Any CPU
		{B4C6E5CD-06CD-4787-976B-9F0BE07070BF}.Debug|x64.Build.0 = Debug|Any CPU
		{B4C6E5CD-06CD-4787-976B-9F0BE07070BF}.Debug|x86.ActiveCfg = Debug|Any CPU
		{B4C6E5CD-06CD-4787-976B-9F0BE07070BF}.Debug|x86.Build.0 = Debug|Any CPU
		{B4C6E5CD-06CD-4787-976B-9F0BE07070BF}.Release|Any CPU.ActiveCfg = Release|Any CPU
		{B4C6E5CD-06CD-4787-976B-9F0BE07070BF}.Release|Any CPU.Build.0 = Release|Any CPU
		{B4C6E5CD-06CD-4787-976B-9F0BE07070BF}.Release|x64.ActiveCfg = Release|Any CPU
		{B4C6E5CD-06CD-4787-976B-9F0BE07070BF}.Release|x64.Build.0 = Release|Any CPU
		{B4C6E5CD-06CD-4787-976B-9F0BE07070BF}.Release|x86.ActiveCfg = Release|Any CPU
		{B4C6E5CD-06CD-4787-976B-9F0BE07070BF}.Release|x86.Build.0 = Release|Any CPU
	EndGlobalSection
	GlobalSection(SolutionProperties) = preSolution
		HideSolutionNode = FALSE
	EndGlobalSection
	GlobalSection(NestedProjects) = preSolution
		{4B817FC0-BD74-4BC4-99CE-6B4D4D393B39} = {13EF6FEA-8711-47FA-B42A-9078E0301303}
		{9E2CC7A0-ED8F-4774-B752-B7F3AB6A5DA6} = {13EF6FEA-8711-47FA-B42A-9078E0301303}
		{937AF8A5-88A1-405B-9C1F-167B1AC860F3} = {13EF6FEA-8711-47FA-B42A-9078E0301303}
		{4336044A-763A-4821-9488-9AB6C7A6F425} = {798F793F-A6A5-45B8-BDB2-2479123F1EB0}
		{8E9A626C-E7CF-4214-A8D5-AF7DBF26AB25} = {13EF6FEA-8711-47FA-B42A-9078E0301303}
		{C497C7F5-2F9E-42A8-AC19-676646E39CD8} = {13EF6FEA-8711-47FA-B42A-9078E0301303}
		{AC4B2232-C0FE-4F25-AB47-E2DAE438BA11} = {13EF6FEA-8711-47FA-B42A-9078E0301303}
		{4F6A28D5-1FFB-423B-80E2-F43295863C32} = {0AB3BF05-4346-4AA6-1389-037BE0695223}
		{B4C6E5CD-06CD-4787-976B-9F0BE07070BF} = {798F793F-A6A5-45B8-BDB2-2479123F1EB0}
	EndGlobalSection
EndGlobal
